
Microsoft Visual Studio Solution File, Format Version 12.00
# Visual Studio 15
Project("{FAE04EC0-301F-11D3-BF4B-00C04F79EFBC}") = "Mlivelive", "Mlivelive.csproj", "{1BACCB12-72EF-34E9-351C-EA80721AD1C2}"
EndProject
Project("{FAE04EC0-301F-11D3-BF4B-00C04F79EFBC}") = "Mlivelive.Plugins", "Mlivelive.Plugins.csproj", "{0792CEFD-8568-1DAA-D862-B0B27DBFE9F4}"
EndProject
Project("{FAE04EC0-301F-11D3-BF4B-00C04F79EFBC}") = "Mlivelive.Editor", "Mlivelive.Editor.csproj", "{CD9824BC-4381-9275-016A-4BB374C5E5EA}"
EndProject
Global
	GlobalSection(SolutionConfigurationPlatforms) = preSolution
		Debug|Any CPU = Debug|Any CPU
		Release|Any CPU = Release|Any CPU
	EndGlobalSection
	GlobalSection(ProjectConfigurationPlatforms) = postSolution
		{1BACCB12-72EF-34E9-351C-EA80721AD1C2}.Debug|Any CPU.ActiveCfg = Debug|Any CPU
		{1BACCB12-72EF-34E9-351C-EA80721AD1C2}.Debug|Any CPU.Build.0 = Debug|Any CPU
		{1BACCB12-72EF-34E9-351C-EA80721AD1C2}.Release|Any CPU.ActiveCfg = Release|Any CPU
		{1BACCB12-72EF-34E9-351C-EA80721AD1C2}.Release|Any CPU.Build.0 = Release|Any CPU
		{0792CEFD-8568-1DAA-D862-B0B27DBFE9F4}.Debug|Any CPU.ActiveCfg = Debug|Any CPU
		{0792CEFD-8568-1DAA-D862-B0B27DBFE9F4}.Debug|Any CPU.Build.0 = Debug|Any CPU
		{0792CEFD-8568-1DAA-D862-B0B27DBFE9F4}.Release|Any CPU.ActiveCfg = Release|Any CPU
		{0792CEFD-8568-1DAA-D862-B0B27DBFE9F4}.Release|Any CPU.Build.0 = Release|Any CPU
		{CD9824BC-4381-9275-016A-4BB374C5E5EA}.Debug|Any CPU.ActiveCfg = Debug|Any CPU
		{CD9824BC-4381-9275-016A-4BB374C5E5EA}.Debug|Any CPU.Build.0 = Debug|Any CPU
		{CD9824BC-4381-9275-016A-4BB374C5E5EA}.Release|Any CPU.ActiveCfg = Release|Any CPU
		{CD9824BC-4381-9275-016A-4BB374C5E5EA}.Release|Any CPU.Build.0 = Release|Any CPU
	EndGlobalSection
	GlobalSection(SolutionProperties) = preSolution
		HideSolutionNode = FALSE
	EndGlobalSection
EndGlobal
